
Microsoft Visual Studio Solution File, Format Version 12.00
# Visual Studio Version 16
VisualStudioVersion = 16.0.31515.178
MinimumVisualStudioVersion = 10.0.40219.1
Project("{FAE04EC0-301F-11D3-BF4B-00C04F79EFBC}") = "FeedbackFormPL", "FeedbackForm\FeedbackFormPL.csproj", "{F316BCCF-C8B5-4CAB-BE9F-67F50C19CEE3}"
EndProject
Project("{FAE04EC0-301F-11D3-BF4B-00C04F79EFBC}") = "FeedbackDAL", "FeedbackDAL\FeedbackDAL.csproj", "{30DC1B30-5B63-4304-95BE-6DABBF769434}"
EndProject
Project("{FAE04EC0-301F-11D3-BF4B-00C04F79EFBC}") = "FeedbackBL", "FeedbackBL\FeedbackBL.csproj", "{AC5FE190-D6BB-4F91-B82E-B83A147E4D15}"
EndProject
Global
	GlobalSection(SolutionConfigurationPlatforms) = preSolution
		Debug|Any CPU = Debug|Any CPU
		Release|Any CPU = Release|Any CPU
	EndGlobalSection
	GlobalSection(ProjectConfigurationPlatforms) = postSolution
		{F316BCCF-C8B5-4CAB-BE9F-67F50C19CEE3}.Debug|Any CPU.ActiveCfg = Debug|Any CPU
		{F316BCCF-C8B5-4CAB-BE9F-67F50C19CEE3}.Debug|Any CPU.Build.0 = Debug|Any CPU
		{F316BCCF-C8B5-4CAB-BE9F-67F50C19CEE3}.Release|Any CPU.ActiveCfg = Release|Any CPU
		{F316BCCF-C8B5-4CAB-BE9F-67F50C19CEE3}.Release|Any CPU.Build.0 = Release|Any CPU
		{30DC1B30-5B63-4304-95BE-6DABBF769434}.Debug|Any CPU.ActiveCfg = Debug|Any CPU
		{30DC1B30-5B63-4304-95BE-6DABBF769434}.Debug|Any CPU.Build.0 = Debug|Any CPU
		{30DC1B30-5B63-4304-95BE-6DABBF769434}.Release|Any CPU.ActiveCfg = Release|Any CPU
		{30DC1B30-5B63-4304-95BE-6DABBF769434}.Release|Any CPU.Build.0 = Release|Any CPU
		{AC5FE190-D6BB-4F91-B82E-B83A147E4D15}.Debug|Any CPU.ActiveCfg = Debug|Any CPU
		{AC5FE190-D6BB-4F91-B82E-B83A147E4D15}.Debug|Any CPU.Build.0 = Debug|Any CPU
		{AC5FE190-D6BB-4F91-B82E-B83A147E4D15}.Release|Any CPU.ActiveCfg = Release|Any CPU
		{AC5FE190-D6BB-4F91-B82E-B83A147E4D15}.Release|Any CPU.Build.0 = Release|Any CPU
	EndGlobalSection
	GlobalSection(SolutionProperties) = preSolution
		HideSolutionNode = FALSE
	EndGlobalSection
	GlobalSection(ExtensibilityGlobals) = postSolution
		SolutionGuid = {F24B23EC-5EB8-430C-AA11-8A88D0BE939E}
	EndGlobalSection
EndGlobal
